dependencies:
- name: lamp
  repository: https://kubernetes-charts.storage.googleapis.com
  version: 1.1.0
- name: redis
  repository: https://kubernetes-charts.storage.googleapis.com
  version: 6.4.4
digest: sha256:886777a4a26259722b8d5e37943713520b483f52ae3555704bc9c93b3bacc438
generated: 2019-04-06T16:49:51.049095395-04:00
