dependencies:
- name: lamp
  repository: https://kubernetes-charts.storage.googleapis.com
  version: 1.1.3
- name: redis
  repository: https://charts.bitnami.com/bitnami
  version: 10.6.10
digest: sha256:07f31cf3dbc42329470b8fa608bb508fb7d95b5e218f0808c2fde4e076b5759c
generated: "2020-04-27T00:20:09.538984735-04:00"
