dependencies:
- name: heapster
  repository: https://kubernetes-charts.storage.googleapis.com
  version: 0.2.10
- name: wordpress
  repository: https://kubernetes-charts.storage.googleapis.com
  version: 1.0.5
digest: sha256:eed079a0ecd56593247469e02594c217a5387e86876b8932900adefa50eaf18d
generated: 2018-05-21T14:57:14.97496331-04:00
