dependencies:
- name: heapster
  repository: https://kubernetes-charts.storage.googleapis.com
  version: 0.2.10
- name: lamp
  repository: https://kubernetes-charts.storage.googleapis.com
  version: 0.1.5
- name: wordpress
  repository: https://kubernetes-charts.storage.googleapis.com
  version: 1.0.5
digest: sha256:f4cf7cc8ffb2b335ae801726f6454ba22ce3b6417154a7c4eba4e2adbba636c3
generated: 2018-05-15T18:27:53.470677716-04:00
