dependencies:
- name: cert-manager
  repository: https://kubernetes-charts.storage.googleapis.com
  version: 0.2.10
- name: heapster
  repository: https://kubernetes-charts.storage.googleapis.com
  version: 0.2.10
- name: lamp
  repository: https://kubernetes-charts.storage.googleapis.com
  version: 0.1.5
- name: wordpress
  repository: https://kubernetes-charts.storage.googleapis.com
  version: 1.0.5
digest: sha256:68c517dc2ecee9b788e0bd7c1395d96307753541098237c1dd3e1914926aa6b8
generated: 2018-05-15T17:06:34.854230552-04:00
